
Microsoft Visual Studio Solution File, Format Version 12.00
# Visual Studio Version 17
VisualStudioVersion = 17.13.35931.197 d17.13
MinimumVisualStudioVersion = 10.0.40219.1
Project("{FAE04EC0-301F-11D3-BF4B-00C04F79EFBC}") = "GestaoInventario", "GestaoInventario\GestaoInventario.csproj", "{4E2966E2-C134-4BD2-ADFF-81366F1B2AFB}"
EndProject
Global
	GlobalSection(SolutionConfigurationPlatforms) = preSolution
		Debug|Any CPU = Debug|Any CPU
		Release|Any CPU = Release|Any CPU
	EndGlobalSection
	GlobalSection(ProjectConfigurationPlatforms) = postSolution
		{4E2966E2-C134-4BD2-ADFF-81366F1B2AFB}.Debug|Any CPU.ActiveCfg = Debug|Any CPU
		{4E2966E2-C134-4BD2-ADFF-81366F1B2AFB}.Debug|Any CPU.Build.0 = Debug|Any CPU
		{4E2966E2-C134-4BD2-ADFF-81366F1B2AFB}.Release|Any CPU.ActiveCfg = Release|Any CPU
		{4E2966E2-C134-4BD2-ADFF-81366F1B2AFB}.Release|Any CPU.Build.0 = Release|Any CPU
	EndGlobalSection
	GlobalSection(SolutionProperties) = preSolution
		HideSolutionNode = FALSE
	EndGlobalSection
	GlobalSection(ExtensibilityGlobals) = postSolution
		SolutionGuid = {46509458-40ED-405B-81A3-922ABD0C0FD4}
	EndGlobalSection
EndGlobal
